
Microsoft Visual Studio Solution File, Format Version 11.00
# Visual Studio 2010
Project("{FAE04EC0-301F-11D3-BF4B-00C04F79EFBC}") = "exp2", "Assembly-CSharp.csproj", "{68E34AA4-FF91-C7EE-3411-3EEBB65BF6D0}"
EndProject
Project("{FAE04EC0-301F-11D3-BF4B-00C04F79EFBC}") = "exp2", "Assembly-CSharp-firstpass.csproj", "{7F7E1AB7-822E-B8EF-ED1A-130A50D64D95}"
EndProject
Global
	GlobalSection(SolutionConfigurationPlatforms) = preSolution
		Debug|Any CPU = Debug|Any CPU
		Release|Any CPU = Release|Any CPU
	EndGlobalSection
	GlobalSection(ProjectConfigurationPlatforms) = postSolution
		{68E34AA4-FF91-C7EE-3411-3EEBB65BF6D0}.Debug|Any CPU.ActiveCfg = Debug|Any CPU
		{68E34AA4-FF91-C7EE-3411-3EEBB65BF6D0}.Debug|Any CPU.Build.0 = Debug|Any CPU
		{68E34AA4-FF91-C7EE-3411-3EEBB65BF6D0}.Release|Any CPU.ActiveCfg = Release|Any CPU
		{68E34AA4-FF91-C7EE-3411-3EEBB65BF6D0}.Release|Any CPU.Build.0 = Release|Any CPU
		{7F7E1AB7-822E-B8EF-ED1A-130A50D64D95}.Debug|Any CPU.ActiveCfg = Debug|Any CPU
		{7F7E1AB7-822E-B8EF-ED1A-130A50D64D95}.Debug|Any CPU.Build.0 = Debug|Any CPU
		{7F7E1AB7-822E-B8EF-ED1A-130A50D64D95}.Release|Any CPU.ActiveCfg = Release|Any CPU
		{7F7E1AB7-822E-B8EF-ED1A-130A50D64D95}.Release|Any CPU.Build.0 = Release|Any CPU
	EndGlobalSection
	GlobalSection(SolutionProperties) = preSolution
		HideSolutionNode = FALSE
	EndGlobalSection
	GlobalSection(MonoDevelopProperties) = preSolution
		StartupItem = Assembly-CSharp.csproj
	EndGlobalSection
EndGlobal
